{
  "lib/chainlink-brownie-contracts": {
    "rev": "67887b84d3add02a25ef4145fc014e2f549509da"
  },
  "lib/forge-std": {
    "rev": "8bbcf6e3f8f62f419e5429a0bd89331c85c37824"
  },
  "lib/morpho-blue": {
    "rev": "2a98681bff263de8bcfb93e7b043884c5195652e"
  },
  "lib/prb-math": {
    "rev": "280fc5f77e1b21b9c54013aac51966be33f4a410"
  },
  "lib/v4-periphery": {
    "rev": "60cd93803ac2b7fa65fd6cd351fd5fd4cc8c9db5"
  }
}